{
  "version": 1,
  "dependencies": {
    "net8.0": {
      "Google.Protobuf": {
        "type": "Direct",
        "requested": "[3.28.3, )",
        "resolved": "3.28.3",
        "contentHash": "OewySX3aQCdKfMJsj2DzBMXQJPI+lm0CBzamU9ViFu3CU9tXYrQWqJ1CZ+/UWtkwOjUeIzbXmoOjRc7B8pbMrA=="
      },
      "Grpc.Tools": {
        "type": "Direct",
        "requested": "[2.67.0, )",
        "resolved": "2.67.0",
        "contentHash": "AQwGGe1dhCWlO72dTW4XtZBsvE9+mHt5rUpVOPjX9Q6sYZZ0GFyqs+7DjFeulaHKjsOg7Wteob1oq7a++SJWgA=="
      },
      "Roslynator.Analyzers": {
        "type": "Direct",
        "requested": "[4.13.1, )",
        "resolved": "4.13.1",
        "contentHash": "KZpLy6ZlCebMk+d/3I5KU2R7AOb4LNJ6tPJqPtvFXmO8bEBHQvCIAvJOnY2tu4C9/aVOROTDYUFADxFqw1gh/g=="
      },
      "Roslynator.Formatting.Analyzers": {
        "type": "Direct",
        "requested": "[4.13.1, )",
        "resolved": "4.13.1",
        "contentHash": "V9gCt0T1Tnu+jMWJDLiUV/vOTmGzmofEdVeUPKPdh8MJW7f3kkhFXSeDotwl8Ob88OxrBf+4LrV/D7OA4tAluA=="
      },
      "StyleCop.Analyzers": {
        "type": "Direct",
        "requested": "[1.2.0-beta.556, )",
        "resolved": "1.2.0-beta.556",
        "contentHash": "llRPgmA1fhC0I0QyFLEcjvtM2239QzKr/tcnbsjArLMJxJlu0AA5G7Fft0OI30pHF3MW63Gf4aSSsjc5m82J1Q==",
        "dependencies": {
          "StyleCop.Analyzers.Unstable": "1.2.0.556"
        }
      },
      "StyleCop.Analyzers.Unstable": {
        "type": "Transitive",
        "resolved": "1.2.0.556",
        "contentHash": "zvn9Mqs/ox/83cpYPignI8hJEM2A93s2HkHs8HYMOAQW0PkampyoErAiIyKxgTLqbbad29HX/shv/6LGSjPJNQ=="
      }
    }
  }
}